{
  "lib/chainlink-brownie-contracts": {
    "tag": {
      "name": "1.3.0",
      "rev": "5cb41fbc9b525338b6098da5ea7dd0b7e92f89e4"
    }
  },
  "lib/forge-std": {
    "tag": {
      "name": "v1.16.2",
      "rev": "bf647bd6046f2f7da30d0c2bf435e5c76a780c1b"
    }
  },
  "lib/v3-core": {
    "rev": "6562c52e8f75f0c10f9deaf44861847585fc8129"
  },
  "lib/v3-periphery": {
    "rev": "b325bb0905d922ae61fcc7df85ee802e8df5e96c"
  }
}